// !$*UTF8*$!
{
	archiveVersion = 1;
	classes = {
	};
	objectVersion = 48;
	objects = {

/* Begin PBXBuildFile section */
		014D7CDD1FEA868500BD8A08 /* AppDelegate.swift in Sources */ = {isa = PBXBuildFile; fileRef = 014D7CDC1FEA868500BD8A08 /* AppDelegate.swift */; };
		014D7CDF1FEA868500BD8A08 /* ViewController.swift in Sources */ = {isa = PBXBuildFile; fileRef = 014D7CDE1FEA868500BD8A08 /* ViewController.swift */; };
		014D7CE21FEA868500BD8A08 /* Main.storyboard in Resources */ = {isa = PBXBuildFile; fileRef = 014D7CE01FEA868500BD8A08 /* Main.storyboard */; };
		014D7CE41FEA868500BD8A08 /* Assets.xcassets in Resources */ = {isa = PBXBuildFile; fileRef = 014D7CE31FEA868500BD8A08 /* Assets.xcassets */; };
		014D7CE71FEA868500BD8A08 /* LaunchScreen.storyboard in Resources */ = {isa = PBXBuildFile; fileRef = 014D7CE51FEA868500BD8A08 /* LaunchScreen.storyboard */; };
		014D7CEF1FEA8C6200BD8A08 /* data.plist in Resources */ = {isa = PBXBuildFile; fileRef = 014D7CEE1FEA8C6200BD8A08 /* data.plist */; };
		014D7CF11FEA9A8600BD8A08 /* PropertyListModel.swift in Sources */ = {isa = PBXBuildFile; fileRef = 014D7CF01FEA9A8600BD8A08 /* PropertyListModel.swift */; };
		014D7D061FEAA4BB00BD8A08 /* TranslatePlistToModel.swift in Sources */ = {isa = PBXBuildFile; fileRef = 014D7D051FEAA4BB00BD8A08 /* TranslatePlistToModel.swift */; };
		014D7D121FEACFFD00BD8A08 /* SwiftPropertyListDemoTests2.swift in Sources */ = {isa = PBXBuildFile; fileRef = 014D7D111FEACFFD00BD8A08 /* SwiftPropertyListDemoTests2.swift */; };
		014D7D1A1FEAD06E00BD8A08 /* dataTest.plist in Resources */ = {isa = PBXBuildFile; fileRef = 014D7D191FEAD06E00BD8A08 /* dataTest.plist */; };
		014D7D1C1FEAD1C600BD8A08 /* TranslatePlistTest.swift in Sources */ = {isa = PBXBuildFile; fileRef = 014D7D1B1FEAD1C600BD8A08 /* TranslatePlistTest.swift */; };
/* End PBXBuildFile section */

/* Begin PBXContainerItemProxy section */
		014D7D141FEACFFD00BD8A08 /* PBXContainerItemProxy */ = {
			isa = PBXContainerItemProxy;
			containerPortal = 014D7CD11FEA868400BD8A08 /* Project object */;
			proxyType = 1;
			remoteGlobalIDString = 014D7CD81FEA868500BD8A08;
			remoteInfo = SwiftPropertyListDemo;
		};
/* End PBXContainerItemProxy section */

/* Begin PBXFileReference section */
		014D7CD91FEA868500BD8A08 /* SwiftPropertyListDemo.app */ = {isa = PBXFileReference; explicitFileType = wrapper.application; includeInIndex = 0; path = SwiftPropertyListDemo.app; sourceTree = BUILT_PRODUCTS_DIR; };
		014D7CDC1FEA868500BD8A08 /* AppDelegate.swift */ = {isa = PBXFileReference; lastKnownFileType = sourcecode.swift; path = AppDelegate.swift; sourceTree = "<group>"; };
		014D7CDE1FEA868500BD8A08 /* ViewController.swift */ = {isa = PBXFileReference; lastKnownFileType = sourcecode.swift; path = ViewController.swift; sourceTree = "<group>"; };
		014D7CE11FEA868500BD8A08 /* Base */ = {isa = PBXFileReference; lastKnownFileType = file.storyboard; name = Base; path = Base.lproj/Main.storyboard; sourceTree = "<group>"; };
		014D7CE31FEA868500BD8A08 /* Assets.xcassets */ = {isa = PBXFileReference; lastKnownFileType = folder.assetcatalog; path = Assets.xcassets; sourceTree = "<group>"; };
		014D7CE61FEA868500BD8A08 /* Base */ = {isa = PBXFileReference; lastKnownFileType = file.storyboard; name = Base; path = Base.lproj/LaunchScreen.storyboard; sourceTree = "<group>"; };
		014D7CE81FEA868500BD8A08 /* Info.plist */ = {isa = PBXFileReference; lastKnownFileType = text.plist.xml; path = Info.plist; sourceTree = "<group>"; };
		014D7CEE1FEA8C6200BD8A08 /* data.plist */ = {isa = PBXFileReference; lastKnownFileType = text.plist.xml; path = data.plist; sourceTree = "<group>"; };
		014D7CF01FEA9A8600BD8A08 /* PropertyListModel.swift */ = {isa = PBXFileReference; lastKnownFileType = sourcecode.swift; path = PropertyListModel.swift; sourceTree = "<group>"; };
		014D7CF81FEAA2D900BD8A08 /* SwiftPropertyListDemoTests.swift */ = {isa = PBXFileReference; lastKnownFileType = sourcecode.swift; path = SwiftPropertyListDemoTests.swift; sourceTree = "<group>"; };
		014D7CFA1FEAA2D900BD8A08 /* Info.plist */ = {isa = PBXFileReference; lastKnownFileType = text.plist.xml; path = Info.plist; sourceTree = "<group>"; };
		014D7D051FEAA4BB00BD8A08 /* TranslatePlistToModel.swift */ = {isa = PBXFileReference; lastKnownFileType = sourcecode.swift; path = TranslatePlistToModel.swift; sourceTree = "<group>"; };
		014D7D0F1FEACFFD00BD8A08 /* SwiftPropertyListDemoTests2.xctest */ = {isa = PBXFileReference; explicitFileType = wrapper.cfbundle; includeInIndex = 0; path = SwiftPropertyListDemoTests2.xctest; sourceTree = BUILT_PRODUCTS_DIR; };
		014D7D111FEACFFD00BD8A08 /* SwiftPropertyListDemoTests2.swift */ = {isa = PBXFileReference; lastKnownFileType = sourcecode.swift; path = SwiftPropertyListDemoTests2.swift; sourceTree = "<group>"; };
		014D7D131FEACFFD00BD8A08 /* Info.plist */ = {isa = PBXFileReference; lastKnownFileType = text.plist.xml; path = Info.plist; sourceTree = "<group>"; };
		014D7D191FEAD06E00BD8A08 /* dataTest.plist */ = {isa = PBXFileReference; lastKnownFileType = text.plist.xml; name = dataTest.plist; path = ../../dataTest.plist; sourceTree = "<group>"; };
		014D7D1B1FEAD1C600BD8A08 /* TranslatePlistTest.swift */ = {isa = PBXFileReference; lastKnownFileType = sourcecode.swift; name = TranslatePlistTest.swift; path = SwiftPropertyListDemoTests2/Cases/TranslatePlistTest.swift; sourceTree = SOURCE_ROOT; };
/* End PBXFileReference section */

/* Begin PBXFrameworksBuildPhase section */
		014D7CD61FEA868500BD8A08 /* Frameworks */ = {
			isa = PBXFrameworksBuildPhase;
			buildActionMask = 2147483647;
			files = (
			);
			runOnlyForDeploymentPostprocessing = 0;
		};
		014D7D0C1FEACFFD00BD8A08 /* Frameworks */ = {
			isa = PBXFrameworksBuildPhase;
			buildActionMask = 2147483647;
			files = (
			);
			runOnlyForDeploymentPostprocessing = 0;
		};
/* End PBXFrameworksBuildPhase section */

/* Begin PBXGroup section */
		014D7CD01FEA868400BD8A08 = {
			isa = PBXGroup;
			children = (
				014D7CDB1FEA868500BD8A08 /* SwiftPropertyListDemo */,
				014D7CF71FEAA2D900BD8A08 /* SwiftPropertyListDemoTests */,
				014D7D101FEACFFD00BD8A08 /* SwiftPropertyListDemoTests2 */,
				014D7CDA1FEA868500BD8A08 /* Products */,
			);
			sourceTree = "<group>";
		};
		014D7CDA1FEA868500BD8A08 /* Products */ = {
			isa = PBXGroup;
			children = (
				014D7CD91FEA868500BD8A08 /* SwiftPropertyListDemo.app */,
				014D7D0F1FEACFFD00BD8A08 /* SwiftPropertyListDemoTests2.xctest */,
			);
			name = Products;
			sourceTree = "<group>";
		};
		014D7CDB1FEA868500BD8A08 /* SwiftPropertyListDemo */ = {
			isa = PBXGroup;
			children = (
				014D7CDC1FEA868500BD8A08 /* AppDelegate.swift */,
				014D7CDE1FEA868500BD8A08 /* ViewController.swift */,
				014D7CF01FEA9A8600BD8A08 /* PropertyListModel.swift */,
				014D7CE01FEA868500BD8A08 /* Main.storyboard */,
				014D7CE31FEA868500BD8A08 /* Assets.xcassets */,
				014D7CE51FEA868500BD8A08 /* LaunchScreen.storyboard */,
				014D7CE81FEA868500BD8A08 /* Info.plist */,
				014D7CEE1FEA8C6200BD8A08 /* data.plist */,
				014D7D051FEAA4BB00BD8A08 /* TranslatePlistToModel.swift */,
			);
			path = SwiftPropertyListDemo;
			sourceTree = "<group>";
		};
		014D7CF71FEAA2D900BD8A08 /* SwiftPropertyListDemoTests */ = {
			isa = PBXGroup;
			children = (
				014D7CF81FEAA2D900BD8A08 /* SwiftPropertyListDemoTests.swift */,
			);
			path = SwiftPropertyListDemoTests;
			sourceTree = "<group>";
		};
		014D7D001FEAA2F200BD8A08 /* Supporting Files */ = {
			isa = PBXGroup;
			children = (
				014D7CFA1FEAA2D900BD8A08 /* Info.plist */,
			);
			path = "Supporting Files";
			sourceTree = "<group>";
		};
		014D7D011FEAA30200BD8A08 /* Data */ = {
			isa = PBXGroup;
			children = (
				014D7D191FEAD06E00BD8A08 /* dataTest.plist */,
			);
			path = Data;
			sourceTree = "<group>";
		};
		014D7D021FEAA30900BD8A08 /* Cases */ = {
			isa = PBXGroup;
			children = (
				014D7D1B1FEAD1C600BD8A08 /* TranslatePlistTest.swift */,
			);
			path = Cases;
			sourceTree = "<group>";
		};
		014D7D101FEACFFD00BD8A08 /* SwiftPropertyListDemoTests2 */ = {
			isa = PBXGroup;
			children = (
				014D7D021FEAA30900BD8A08 /* Cases */,
				014D7D011FEAA30200BD8A08 /* Data */,
				014D7D001FEAA2F200BD8A08 /* Supporting Files */,
				014D7D111FEACFFD00BD8A08 /* SwiftPropertyListDemoTests2.swift */,
				014D7D131FEACFFD00BD8A08 /* Info.plist */,
			);
			path = SwiftPropertyListDemoTests2;
			sourceTree = "<group>";
		};
/* End PBXGroup section */

/* Begin PBXNativeTarget section */
		014D7CD81FEA868500BD8A08 /* SwiftPropertyListDemo */ = {
			isa = PBXNativeTarget;
			buildConfigurationList = 014D7CEB1FEA868500BD8A08 /* Build configuration list for PBXNativeTarget "SwiftPropertyListDemo" */;
			buildPhases = (
				014D7CD51FEA868500BD8A08 /* Sources */,
				014D7CD61FEA868500BD8A08 /* Frameworks */,
				014D7CD71FEA868500BD8A08 /* Resources */,
			);
			buildRules = (
			);
			dependencies = (
			);
			name = SwiftPropertyListDemo;
			productName = SwiftPropertyListDemo;
			productReference = 014D7CD91FEA868500BD8A08 /* SwiftPropertyListDemo.app */;
			productType = "com.apple.product-type.application";
		};
		014D7D0E1FEACFFD00BD8A08 /* SwiftPropertyListDemoTests2 */ = {
			isa = PBXNativeTarget;
			buildConfigurationList = 014D7D161FEACFFD00BD8A08 /* Build configuration list for PBXNativeTarget "SwiftPropertyListDemoTests2" */;
			buildPhases = (
				014D7D0B1FEACFFD00BD8A08 /* Sources */,
				014D7D0C1FEACFFD00BD8A08 /* Frameworks */,
				014D7D0D1FEACFFD00BD8A08 /* Resources */,
			);
			buildRules = (
			);
			dependencies = (
				014D7D151FEACFFD00BD8A08 /* PBXTargetDependency */,
			);
			name = SwiftPropertyListDemoTests2;
			productName = SwiftPropertyListDemoTests2;
			productReference = 014D7D0F1FEACFFD00BD8A08 /* SwiftPropertyListDemoTests2.xctest */;
			productType = "com.apple.product-type.bundle.unit-test";
		};
/* End PBXNativeTarget section */

/* Begin PBXProject section */
		014D7CD11FEA868400BD8A08 /* Project object */ = {
			isa = PBXProject;
			attributes = {
				LastSwiftUpdateCheck = 0920;
				LastUpgradeCheck = 0920;
				ORGANIZATIONNAME = xcodedev;
				TargetAttributes = {
					014D7CD81FEA868500BD8A08 = {
						CreatedOnToolsVersion = 9.2;
						ProvisioningStyle = Automatic;
					};
					014D7D0E1FEACFFD00BD8A08 = {
						CreatedOnToolsVersion = 9.2;
						ProvisioningStyle = Automatic;
						TestTargetID = 014D7CD81FEA868500BD8A08;
					};
				};
			};
			buildConfigurationList = 014D7CD41FEA868400BD8A08 /* Build configuration list for PBXProject "SwiftPropertyListDemo" */;
			compatibilityVersion = "Xcode 8.0";
			developmentRegion = en;
			hasScannedForEncodings = 0;
			knownRegions = (
				en,
				Base,
			);
			mainGroup = 014D7CD01FEA868400BD8A08;
			productRefGroup = 014D7CDA1FEA868500BD8A08 /* Products */;
			projectDirPath = "";
			projectRoot = "";
			targets = (
				014D7CD81FEA868500BD8A08 /* SwiftPropertyListDemo */,
				014D7D0E1FEACFFD00BD8A08 /* SwiftPropertyListDemoTests2 */,
			);
		};
/* End PBXProject section */

/* Begin PBXResourcesBuildPhase section */
		014D7CD71FEA868500BD8A08 /* Resources */ = {
			isa = PBXResourcesBuildPhase;
			buildActionMask = 2147483647;
			files = (
				014D7CE71FEA868500BD8A08 /* LaunchScreen.storyboard in Resources */,
				014D7CE41FEA868500BD8A08 /* Assets.xcassets in Resources */,
				014D7CEF1FEA8C6200BD8A08 /* data.plist in Resources */,
				014D7CE21FEA868500BD8A08 /* Main.storyboard in Resources */,
			);
			runOnlyForDeploymentPostprocessing = 0;
		};
		014D7D0D1FEACFFD00BD8A08 /* Resources */ = {
			isa = PBXResourcesBuildPhase;
			buildActionMask = 2147483647;
			files = (
				014D7D1A1FEAD06E00BD8A08 /* dataTest.plist in Resources */,
			);
			runOnlyForDeploymentPostprocessing = 0;
		};
/* End PBXResourcesBuildPhase section */

/* Begin PBXSourcesBuildPhase section */
		014D7CD51FEA868500BD8A08 /* Sources */ = {
			isa = PBXSourcesBuildPhase;
			buildActionMask = 2147483647;
			files = (
				014D7D061FEAA4BB00BD8A08 /* TranslatePlistToModel.swift in Sources */,
				014D7CF11FEA9A8600BD8A08 /* PropertyListModel.swift in Sources */,
				014D7CDF1FEA868500BD8A08 /* ViewController.swift in Sources */,
				014D7CDD1FEA868500BD8A08 /* AppDelegate.swift in Sources */,
			);
			runOnlyForDeploymentPostprocessing = 0;
		};
		014D7D0B1FEACFFD00BD8A08 /* Sources */ = {
			isa = PBXSourcesBuildPhase;
			buildActionMask = 2147483647;
			files = (
				014D7D121FEACFFD00BD8A08 /* SwiftPropertyListDemoTests2.swift in Sources */,
				014D7D1C1FEAD1C600BD8A08 /* TranslatePlistTest.swift in Sources */,
			);
			runOnlyForDeploymentPostprocessing = 0;
		};
/* End PBXSourcesBuildPhase section */

/* Begin PBXTargetDependency section */
		014D7D151FEACFFD00BD8A08 /* PBXTargetDependency */ = {
			isa = PBXTargetDependency;
			target = 014D7CD81FEA868500BD8A08 /* SwiftPropertyListDemo */;
			targetProxy = 014D7D141FEACFFD00BD8A08 /* PBXContainerItemProxy */;
		};
/* End PBXTargetDependency section */

/* Begin PBXVariantGroup section */
		014D7CE01FEA868500BD8A08 /* Main.storyboard */ = {
			isa = PBXVariantGroup;
			children = (
				014D7CE11FEA868500BD8A08 /* Base */,
			);
			name = Main.storyboard;
			sourceTree = "<group>";
		};
		014D7CE51FEA868500BD8A08 /* LaunchScreen.storyboard */ = {
			isa = PBXVariantGroup;
			children = (
				014D7CE61FEA868500BD8A08 /* Base */,
			);
			name = LaunchScreen.storyboard;
			sourceTree = "<group>";
		};
/* End PBXVariantGroup section */

/* Begin XCBuildConfiguration section */
		014D7CE91FEA868500BD8A08 /* Debug */ = {
			isa = XCBuildConfiguration;
			buildSettings = {
				ALWAYS_SEARCH_USER_PATHS = NO;
				CLANG_ANALYZER_NONNULL = YES;
				CLANG_ANALYZER_NUMBER_OBJECT_CONVERSION = YES_AGGRESSIVE;
				CLANG_CXX_LANGUAGE_STANDARD = "gnu++14";
				CLANG_CXX_LIBRARY = "libc++";
				CLANG_ENABLE_MODULES = YES;
				CLANG_ENABLE_OBJC_ARC = YES;
				CLANG_WARN_BLOCK_CAPTURE_AUTORELEASING = YES;
				CLANG_WARN_BOOL_CONVERSION = YES;
				CLANG_WARN_COMMA = YES;
				CLANG_WARN_CONSTANT_CONVERSION = YES;
				CLANG_WARN_DIRECT_OBJC_ISA_USAGE = YES_ERROR;
				CLANG_WARN_DOCUMENTATION_COMMENTS = YES;
				CLANG_WARN_EMPTY_BODY = YES;
				CLANG_WARN_ENUM_CONVERSION = YES;
				CLANG_WARN_INFINITE_RECURSION = YES;
				CLANG_WARN_INT_CONVERSION = YES;
				CLANG_WARN_NON_LITERAL_NULL_CONVERSION = YES;
				CLANG_WARN_OBJC_LITERAL_CONVERSION = YES;
				CLANG_WARN_OBJC_ROOT_CLASS = YES_ERROR;
				CLANG_WARN_RANGE_LOOP_ANALYSIS = YES;
				CLANG_WARN_STRICT_PROTOTYPES = YES;
				CLANG_WARN_SUSPICIOUS_MOVE = YES;
				CLANG_WARN_UNGUARDED_AVAILABILITY = YES_AGGRESSIVE;
				CLANG_WARN_UNREACHABLE_CODE = YES;
				CLANG_WARN__DUPLICATE_METHOD_MATCH = YES;
				CODE_SIGN_IDENTITY = "iPhone Developer";
				COPY_PHASE_STRIP = NO;
				DEBUG_INFORMATION_FORMAT = dwarf;
				ENABLE_STRICT_OBJC_MSGSEND = YES;
				ENABLE_TESTABILITY = YES;
				GCC_C_LANGUAGE_STANDARD = gnu11;
				GCC_DYNAMIC_NO_PIC = NO;
				GCC_NO_COMMON_BLOCKS = YES;
				GCC_OPTIMIZATION_LEVEL = 0;
				GCC_PREPROCESSOR_DEFINITIONS = (
					"DEBUG=1",
					"$(inherited)",
				);
				GCC_WARN_64_TO_32_BIT_CONVERSION = YES;
				GCC_WARN_ABOUT_RETURN_TYPE = YES_ERROR;
				GCC_WARN_UNDECLARED_SELECTOR = YES;
				GCC_WARN_UNINITIALIZED_AUTOS = YES_AGGRESSIVE;
				GCC_WARN_UNUSED_FUNCTION = YES;
				GCC_WARN_UNUSED_VARIABLE = YES;
				IPHONEOS_DEPLOYMENT_TARGET = 11.2;
				MTL_ENABLE_DEBUG_INFO = YES;
				ONLY_ACTIVE_ARCH = YES;
				SDKROOT = iphoneos;
				SWIFT_ACTIVE_COMPILATION_CONDITIONS = DEBUG;
				SWIFT_OPTIMIZATION_LEVEL = "-Onone";
			};
			name = Debug;
		};
		014D7CEA1FEA868500BD8A08 /* Release */ = {
			isa = XCBuildConfiguration;
			buildSettings = {
				ALWAYS_SEARCH_USER_PATHS = NO;
				CLANG_ANALYZER_NONNULL = YES;
				CLANG_ANALYZER_NUMBER_OBJECT_CONVERSION = YES_AGGRESSIVE;
				CLANG_CXX_LANGUAGE_STANDARD = "gnu++14";
				CLANG_CXX_LIBRARY = "libc++";
				CLANG_ENABLE_MODULES = YES;
				CLANG_ENABLE_OBJC_ARC = YES;
				CLANG_WARN_BLOCK_CAPTURE_AUTORELEASING = YES;
				CLANG_WARN_BOOL_CONVERSION = YES;
				CLANG_WARN_COMMA = YES;
				CLANG_WARN_CONSTANT_CONVERSION = YES;
				CLANG_WARN_DIRECT_OBJC_ISA_USAGE = YES_ERROR;
				CLANG_WARN_DOCUMENTATION_COMMENTS = YES;
				CLANG_WARN_EMPTY_BODY = YES;
				CLANG_WARN_ENUM_CONVERSION = YES;
				CLANG_WARN_INFINITE_RECURSION = YES;
				CLANG_WARN_INT_CONVERSION = YES;
				CLANG_WARN_NON_LITERAL_NULL_CONVERSION = YES;
				CLANG_WARN_OBJC_LITERAL_CONVERSION = YES;
				CLANG_WARN_OBJC_ROOT_CLASS = YES_ERROR;
				CLANG_WARN_RANGE_LOOP_ANALYSIS = YES;
				CLANG_WARN_STRICT_PROTOTYPES = YES;
				CLANG_WARN_SUSPICIOUS_MOVE = YES;
				CLANG_WARN_UNGUARDED_AVAILABILITY = YES_AGGRESSIVE;
				CLANG_WARN_UNREACHABLE_CODE = YES;
				CLANG_WARN__DUPLICATE_METHOD_MATCH = YES;
				CODE_SIGN_IDENTITY = "iPhone Developer";
				COPY_PHASE_STRIP = NO;
				DEBUG_INFORMATION_FORMAT = "dwarf-with-dsym";
				ENABLE_NS_ASSERTIONS = NO;
				ENABLE_STRICT_OBJC_MSGSEND = YES;
				GCC_C_LANGUAGE_STANDARD = gnu11;
				GCC_NO_COMMON_BLOCKS = YES;
				GCC_WARN_64_TO_32_BIT_CONVERSION = YES;
				GCC_WARN_ABOUT_RETURN_TYPE = YES_ERROR;
				GCC_WARN_UNDECLARED_SELECTOR = YES;
				GCC_WARN_UNINITIALIZED_AUTOS = YES_AGGRESSIVE;
				GCC_WARN_UNUSED_FUNCTION = YES;
				GCC_WARN_UNUSED_VARIABLE = YES;
				IPHONEOS_DEPLOYMENT_TARGET = 11.2;
				MTL_ENABLE_DEBUG_INFO = NO;
				SDKROOT = iphoneos;
				SWIFT_OPTIMIZATION_LEVEL = "-Owholemodule";
				VALIDATE_PRODUCT = YES;
			};
			name = Release;
		};
		014D7CEC1FEA868500BD8A08 /* Debug */ = {
			isa = XCBuildConfiguration;
			buildSettings = {
				ASSETCATALOG_COMPILER_APPICON_NAME = AppIcon;
				CODE_SIGN_STYLE = Automatic;
				INFOPLIST_FILE = SwiftPropertyListDemo/Info.plist;
				LD_RUNPATH_SEARCH_PATHS = "$(inherited) @executable_path/Frameworks";
				PRODUCT_BUNDLE_IDENTIFIER = a2.SwiftPropertyListDemo;
				PRODUCT_NAME = "$(TARGET_NAME)";
				SWIFT_VERSION = 4.0;
				TARGETED_DEVICE_FAMILY = "1,2";
			};
			name = Debug;
		};
		014D7CED1FEA868500BD8A08 /* Release */ = {
			isa = XCBuildConfiguration;
			buildSettings = {
				ASSETCATALOG_COMPILER_APPICON_NAME = AppIcon;
				CODE_SIGN_STYLE = Automatic;
				INFOPLIST_FILE = SwiftPropertyListDemo/Info.plist;
				LD_RUNPATH_SEARCH_PATHS = "$(inherited) @executable_path/Frameworks";
				PRODUCT_BUNDLE_IDENTIFIER = a2.SwiftPropertyListDemo;
				PRODUCT_NAME = "$(TARGET_NAME)";
				SWIFT_VERSION = 4.0;
				TARGETED_DEVICE_FAMILY = "1,2";
			};
			name = Release;
		};
		014D7D171FEACFFD00BD8A08 /* Debug */ = {
			isa = XCBuildConfiguration;
			buildSettings = {
				BUNDLE_LOADER = "$(TEST_HOST)";
				CODE_SIGN_STYLE = Automatic;
				INFOPLIST_FILE = SwiftPropertyListDemoTests2/Info.plist;
				LD_RUNPATH_SEARCH_PATHS = "$(inherited) @executable_path/Frameworks @loader_path/Frameworks";
				PRODUCT_BUNDLE_IDENTIFIER = a2.SwiftPropertyListDemoTests2;
				PRODUCT_NAME = "$(TARGET_NAME)";
				SWIFT_VERSION = 4.0;
				TARGETED_DEVICE_FAMILY = "1,2";
				TEST_HOST = "$(BUILT_PRODUCTS_DIR)/SwiftPropertyListDemo.app/SwiftPropertyListDemo";
			};
			name = Debug;
		};
		014D7D181FEACFFD00BD8A08 /* Release */ = {
			isa = XCBuildConfiguration;
			buildSettings = {
				BUNDLE_LOADER = "$(TEST_HOST)";
				CODE_SIGN_STYLE = Automatic;
				INFOPLIST_FILE = SwiftPropertyListDemoTests2/Info.plist;
				LD_RUNPATH_SEARCH_PATHS = "$(inherited) @executable_path/Frameworks @loader_path/Frameworks";
				PRODUCT_BUNDLE_IDENTIFIER = a2.SwiftPropertyListDemoTests2;
				PRODUCT_NAME = "$(TARGET_NAME)";
				SWIFT_VERSION = 4.0;
				TARGETED_DEVICE_FAMILY = "1,2";
				TEST_HOST = "$(BUILT_PRODUCTS_DIR)/SwiftPropertyListDemo.app/SwiftPropertyListDemo";
			};
			name = Release;
		};
/* End XCBuildConfiguration section */

/* Begin XCConfigurationList section */
		014D7CD41FEA868400BD8A08 /* Build configuration list for PBXProject "SwiftPropertyListDemo" */ = {
			isa = XCConfigurationList;
			buildConfigurations = (
				014D7CE91FEA868500BD8A08 /* Debug */,
				014D7CEA1FEA868500BD8A08 /* Release */,
			);
			defaultConfigurationIsVisible = 0;
			defaultConfigurationName = Release;
		};
		014D7CEB1FEA868500BD8A08 /* Build configuration list for PBXNativeTarget "SwiftPropertyListDemo" */ = {
			isa = XCConfigurationList;
			buildConfigurations = (
				014D7CEC1FEA868500BD8A08 /* Debug */,
				014D7CED1FEA868500BD8A08 /* Release */,
			);
			defaultConfigurationIsVisible = 0;
			defaultConfigurationName = Release;
		};
		014D7D161FEACFFD00BD8A08 /* Build configuration list for PBXNativeTarget "SwiftPropertyListDemoTests2" */ = {
			isa = XCConfigurationList;
			buildConfigurations = (
				014D7D171FEACFFD00BD8A08 /* Debug */,
				014D7D181FEACFFD00BD8A08 /* Release */,
			);
			defaultConfigurationIsVisible = 0;
			defaultConfigurationName = Release;
		};
/* End XCConfigurationList section */
	};
	rootObject = 014D7CD11FEA868400BD8A08 /* Project object */;
}
